// !$*UTF8*$!
{
	archiveVersion = 1;
	classes = {
	};
	objectVersion = 55;
	objects = {

/* Begin PBXBuildFile section */
		08A0264E2864C4D300EAB273 /* AppDelegate.swift in Sources */ = {isa = PBXBuildFile; fileRef = 08A0264D2864C4D300EAB273 /* AppDelegate.swift */; };
		08A026502864C4D300EAB273 /* SceneDelegate.swift in Sources */ = {isa = PBXBuildFile; fileRef = 08A0264F2864C4D300EAB273 /* SceneDelegate.swift */; };
		08A026522864C4D300EAB273 /* ViewController.swift in Sources */ = {isa = PBXBuildFile; fileRef = 08A026512864C4D300EAB273 /* ViewController.swift */; };
		08A026552864C4D300EAB273 /* Main.storyboard in Resources */ = {isa = PBXBuildFile; fileRef = 08A026532864C4D300EAB273 /* Main.storyboard */; };
		08A026582864C4D300EAB273 /* miniProject2.xcdatamodeld in Sources */ = {isa = PBXBuildFile; fileRef = 08A026562864C4D300EAB273 /* miniProject2.xcdatamodeld */; };
		08A0265A2864C4D500EAB273 /* Assets.xcassets in Resources */ = {isa = PBXBuildFile; fileRef = 08A026592864C4D500EAB273 /* Assets.xcassets */; };
		08A0265D2864C4D500EAB273 /* LaunchScreen.storyboard in Resources */ = {isa = PBXBuildFile; fileRef = 08A0265B2864C4D500EAB273 /* LaunchScreen.storyboard */; };
		08A026682864C4D500EAB273 /* miniProject2Tests.swift in Sources */ = {isa = PBXBuildFile; fileRef = 08A026672864C4D500EAB273 /* miniProject2Tests.swift */; };
		08A026722864C4D500EAB273 /* miniProject2UITests.swift in Sources */ = {isa = PBXBuildFile; fileRef = 08A026712864C4D500EAB273 /* miniProject2UITests.swift */; };
		08A026742864C4D500EAB273 /* miniProject2UITestsLaunchTests.swift in Sources */ = {isa = PBXBuildFile; fileRef = 08A026732864C4D500EAB273 /* miniProject2UITestsLaunchTests.swift */; };
		08A026812864E44100EAB273 /* thirdViewController.swift in Sources */ = {isa = PBXBuildFile; fileRef = 08A026802864E44100EAB273 /* thirdViewController.swift */; };
		08A026832864E4F300EAB273 /* secondViewController.swift in Sources */ = {isa = PBXBuildFile; fileRef = 08A026822864E4F300EAB273 /* secondViewController.swift */; };
		08B38B422865398D00973F54 /* fourthViewController.swift in Sources */ = {isa = PBXBuildFile; fileRef = 08B38B412865398D00973F54 /* fourthViewController.swift */; };
/* End PBXBuildFile section */

/* Begin PBXContainerItemProxy section */
		08A026642864C4D500EAB273 /* PBXContainerItemProxy */ = {
			isa = PBXContainerItemProxy;
			containerPortal = 08A026422864C4D300EAB273 /* Project object */;
			proxyType = 1;
			remoteGlobalIDString = 08A026492864C4D300EAB273;
			remoteInfo = miniProject2;
		};
		08A0266E2864C4D500EAB273 /* PBXContainerItemProxy */ = {
			isa = PBXContainerItemProxy;
			containerPortal = 08A026422864C4D300EAB273 /* Project object */;
			proxyType = 1;
			remoteGlobalIDString = 08A026492864C4D300EAB273;
			remoteInfo = miniProject2;
		};
/* End PBXContainerItemProxy section */

/* Begin PBXFileReference section */
		08A0264A2864C4D300EAB273 /* miniProject2.app */ = {isa = PBXFileReference; explicitFileType = wrapper.application; includeInIndex = 0; path = miniProject2.app; sourceTree = BUILT_PRODUCTS_DIR; };
		08A0264D2864C4D300EAB273 /* AppDelegate.swift */ = {isa = PBXFileReference; lastKnownFileType = sourcecode.swift; path = AppDelegate.swift; sourceTree = "<group>"; };
		08A0264F2864C4D300EAB273 /* SceneDelegate.swift */ = {isa = PBXFileReference; lastKnownFileType = sourcecode.swift; path = SceneDelegate.swift; sourceTree = "<group>"; };
		08A026512864C4D300EAB273 /* ViewController.swift */ = {isa = PBXFileReference; lastKnownFileType = sourcecode.swift; path = ViewController.swift; sourceTree = "<group>"; };
		08A026542864C4D300EAB273 /* Base */ = {isa = PBXFileReference; lastKnownFileType = file.storyboard; name = Base; path = Base.lproj/Main.storyboard; sourceTree = "<group>"; };
		08A026572864C4D300EAB273 /* miniProject2.xcdatamodel */ = {isa = PBXFileReference; lastKnownFileType = wrapper.xcdatamodel; path = miniProject2.xcdatamodel; sourceTree = "<group>"; };
		08A026592864C4D500EAB273 /* Assets.xcassets */ = {isa = PBXFileReference; lastKnownFileType = folder.assetcatalog; path = Assets.xcassets; sourceTree = "<group>"; };
		08A0265C2864C4D500EAB273 /* Base */ = {isa = PBXFileReference; lastKnownFileType = file.storyboard; name = Base; path = Base.lproj/LaunchScreen.storyboard; sourceTree = "<group>"; };
		08A0265E2864C4D500EAB273 /* Info.plist */ = {isa = PBXFileReference; lastKnownFileType = text.plist.xml; path = Info.plist; sourceTree = "<group>"; };
		08A026632864C4D500EAB273 /* miniProject2Tests.xctest */ = {isa = PBXFileReference; explicitFileType = wrapper.cfbundle; includeInIndex = 0; path = miniProject2Tests.xctest; sourceTree = BUILT_PRODUCTS_DIR; };
		08A026672864C4D500EAB273 /* miniProject2Tests.swift */ = {isa = PBXFileReference; lastKnownFileType = sourcecode.swift; path = miniProject2Tests.swift; sourceTree = "<group>"; };
		08A0266D2864C4D500EAB273 /* miniProject2UITests.xctest */ = {isa = PBXFileReference; explicitFileType = wrapper.cfbundle; includeInIndex = 0; path = miniProject2UITests.xctest; sourceTree = BUILT_PRODUCTS_DIR; };
		08A026712864C4D500EAB273 /* miniProject2UITests.swift */ = {isa = PBXFileReference; lastKnownFileType = sourcecode.swift; path = miniProject2UITests.swift; sourceTree = "<group>"; };
		08A026732864C4D500EAB273 /* miniProject2UITestsLaunchTests.swift */ = {isa = PBXFileReference; lastKnownFileType = sourcecode.swift; path = miniProject2UITestsLaunchTests.swift; sourceTree = "<group>"; };
		08A026802864E44100EAB273 /* thirdViewController.swift */ = {isa = PBXFileReference; lastKnownFileType = sourcecode.swift; path = thirdViewController.swift; sourceTree = "<group>"; };
		08A026822864E4F300EAB273 /* secondViewController.swift */ = {isa = PBXFileReference; lastKnownFileType = sourcecode.swift; path = secondViewController.swift; sourceTree = "<group>"; };
		08B38B412865398D00973F54 /* fourthViewController.swift */ = {isa = PBXFileReference; lastKnownFileType = sourcecode.swift; path = fourthViewController.swift; sourceTree = "<group>"; };
/* End PBXFileReference section */

/* Begin PBXFrameworksBuildPhase section */
		08A026472864C4D300EAB273 /* Frameworks */ = {
			isa = PBXFrameworksBuildPhase;
			buildActionMask = 2147483647;
			files = (
			);
			runOnlyForDeploymentPostprocessing = 0;
		};
		08A026602864C4D500EAB273 /* Frameworks */ = {
			isa = PBXFrameworksBuildPhase;
			buildActionMask = 2147483647;
			files = (
			);
			runOnlyForDeploymentPostprocessing = 0;
		};
		08A0266A2864C4D500EAB273 /* Frameworks */ = {
			isa = PBXFrameworksBuildPhase;
			buildActionMask = 2147483647;
			files = (
			);
			runOnlyForDeploymentPostprocessing = 0;
		};
/* End PBXFrameworksBuildPhase section */

/* Begin PBXGroup section */
		08A026412864C4D300EAB273 = {
			isa = PBXGroup;
			children = (
				08A0264C2864C4D300EAB273 /* miniProject2 */,
				08A026662864C4D500EAB273 /* miniProject2Tests */,
				08A026702864C4D500EAB273 /* miniProject2UITests */,
				08A0264B2864C4D300EAB273 /* Products */,
			);
			sourceTree = "<group>";
		};
		08A0264B2864C4D300EAB273 /* Products */ = {
			isa = PBXGroup;
			children = (
				08A0264A2864C4D300EAB273 /* miniProject2.app */,
				08A026632864C4D500EAB273 /* miniProject2Tests.xctest */,
				08A0266D2864C4D500EAB273 /* miniProject2UITests.xctest */,
			);
			name = Products;
			sourceTree = "<group>";
		};
		08A0264C2864C4D300EAB273 /* miniProject2 */ = {
			isa = PBXGroup;
			children = (
				08A0264D2864C4D300EAB273 /* AppDelegate.swift */,
				08A0264F2864C4D300EAB273 /* SceneDelegate.swift */,
				08A026532864C4D300EAB273 /* Main.storyboard */,
				08A026512864C4D300EAB273 /* ViewController.swift */,
				08A026822864E4F300EAB273 /* secondViewController.swift */,
				08A026802864E44100EAB273 /* thirdViewController.swift */,
				08B38B412865398D00973F54 /* fourthViewController.swift */,
				08A026592864C4D500EAB273 /* Assets.xcassets */,
				08A0265B2864C4D500EAB273 /* LaunchScreen.storyboard */,
				08A0265E2864C4D500EAB273 /* Info.plist */,
				08A026562864C4D300EAB273 /* miniProject2.xcdatamodeld */,
			);
			path = miniProject2;
			sourceTree = "<group>";
		};
		08A026662864C4D500EAB273 /* miniProject2Tests */ = {
			isa = PBXGroup;
			children = (
				08A026672864C4D500EAB273 /* miniProject2Tests.swift */,
			);
			path = miniProject2Tests;
			sourceTree = "<group>";
		};
		08A026702864C4D500EAB273 /* miniProject2UITests */ = {
			isa = PBXGroup;
			children = (
				08A026712864C4D500EAB273 /* miniProject2UITests.swift */,
				08A026732864C4D500EAB273 /* miniProject2UITestsLaunchTests.swift */,
			);
			path = miniProject2UITests;
			sourceTree = "<group>";
		};
/* End PBXGroup section */

/* Begin PBXNativeTarget section */
		08A026492864C4D300EAB273 /* miniProject2 */ = {
			isa = PBXNativeTarget;
			buildConfigurationList = 08A026772864C4D500EAB273 /* Build configuration list for PBXNativeTarget "miniProject2" */;
			buildPhases = (
				08A026462864C4D300EAB273 /* Sources */,
				08A026472864C4D300EAB273 /* Frameworks */,
				08A026482864C4D300EAB273 /* Resources */,
			);
			buildRules = (
			);
			dependencies = (
			);
			name = miniProject2;
			productName = miniProject2;
			productReference = 08A0264A2864C4D300EAB273 /* miniProject2.app */;
			productType = "com.apple.product-type.application";
		};
		08A026622864C4D500EAB273 /* miniProject2Tests */ = {
			isa = PBXNativeTarget;
			buildConfigurationList = 08A0267A2864C4D500EAB273 /* Build configuration list for PBXNativeTarget "miniProject2Tests" */;
			buildPhases = (
				08A0265F2864C4D500EAB273 /* Sources */,
				08A026602864C4D500EAB273 /* Frameworks */,
				08A026612864C4D500EAB273 /* Resources */,
			);
			buildRules = (
			);
			dependencies = (
				08A026652864C4D500EAB273 /* PBXTargetDependency */,
			);
			name = miniProject2Tests;
			productName = miniProject2Tests;
			productReference = 08A026632864C4D500EAB273 /* miniProject2Tests.xctest */;
			productType = "com.apple.product-type.bundle.unit-test";
		};
		08A0266C2864C4D500EAB273 /* miniProject2UITests */ = {
			isa = PBXNativeTarget;
			buildConfigurationList = 08A0267D2864C4D500EAB273 /* Build configuration list for PBXNativeTarget "miniProject2UITests" */;
			buildPhases = (
				08A026692864C4D500EAB273 /* Sources */,
				08A0266A2864C4D500EAB273 /* Frameworks */,
				08A0266B2864C4D500EAB273 /* Resources */,
			);
			buildRules = (
			);
			dependencies = (
				08A0266F2864C4D500EAB273 /* PBXTargetDependency */,
			);
			name = miniProject2UITests;
			productName = miniProject2UITests;
			productReference = 08A0266D2864C4D500EAB273 /* miniProject2UITests.xctest */;
			productType = "com.apple.product-type.bundle.ui-testing";
		};
/* End PBXNativeTarget section */

/* Begin PBXProject section */
		08A026422864C4D300EAB273 /* Project object */ = {
			isa = PBXProject;
			attributes = {
				BuildIndependentTargetsInParallel = 1;
				LastSwiftUpdateCheck = 1340;
				LastUpgradeCheck = 1340;
				TargetAttributes = {
					08A026492864C4D300EAB273 = {
						CreatedOnToolsVersion = 13.4.1;
					};
					08A026622864C4D500EAB273 = {
						CreatedOnToolsVersion = 13.4.1;
						TestTargetID = 08A026492864C4D300EAB273;
					};
					08A0266C2864C4D500EAB273 = {
						CreatedOnToolsVersion = 13.4.1;
						TestTargetID = 08A026492864C4D300EAB273;
					};
				};
			};
			buildConfigurationList = 08A026452864C4D300EAB273 /* Build configuration list for PBXProject "miniProject2" */;
			compatibilityVersion = "Xcode 13.0";
			developmentRegion = en;
			hasScannedForEncodings = 0;
			knownRegions = (
				en,
				Base,
			);
			mainGroup = 08A026412864C4D300EAB273;
			productRefGroup = 08A0264B2864C4D300EAB273 /* Products */;
			projectDirPath = "";
			projectRoot = "";
			targets = (
				08A026492864C4D300EAB273 /* miniProject2 */,
				08A026622864C4D500EAB273 /* miniProject2Tests */,
				08A0266C2864C4D500EAB273 /* miniProject2UITests */,
			);
		};
/* End PBXProject section */

/* Begin PBXResourcesBuildPhase section */
		08A026482864C4D300EAB273 /* Resources */ = {
			isa = PBXResourcesBuildPhase;
			buildActionMask = 2147483647;
			files = (
				08A0265D2864C4D500EAB273 /* LaunchScreen.storyboard in Resources */,
				08A0265A2864C4D500EAB273 /* Assets.xcassets in Resources */,
				08A026552864C4D300EAB273 /* Main.storyboard in Resources */,
			);
			runOnlyForDeploymentPostprocessing = 0;
		};
		08A026612864C4D500EAB273 /* Resources */ = {
			isa = PBXResourcesBuildPhase;
			buildActionMask = 2147483647;
			files = (
			);
			runOnlyForDeploymentPostprocessing = 0;
		};
		08A0266B2864C4D500EAB273 /* Resources */ = {
			isa = PBXResourcesBuildPhase;
			buildActionMask = 2147483647;
			files = (
			);
			runOnlyForDeploymentPostprocessing = 0;
		};
/* End PBXResourcesBuildPhase section */

/* Begin PBXSourcesBuildPhase section */
		08A026462864C4D300EAB273 /* Sources */ = {
			isa = PBXSourcesBuildPhase;
			buildActionMask = 2147483647;
			files = (
				08A026522864C4D300EAB273 /* ViewController.swift in Sources */,
				08A0264E2864C4D300EAB273 /* AppDelegate.swift in Sources */,
				08B38B422865398D00973F54 /* fourthViewController.swift in Sources */,
				08A026812864E44100EAB273 /* thirdViewController.swift in Sources */,
				08A026502864C4D300EAB273 /* SceneDelegate.swift in Sources */,
				08A026832864E4F300EAB273 /* secondViewController.swift in Sources */,
				08A026582864C4D300EAB273 /* miniProject2.xcdatamodeld in Sources */,
			);
			runOnlyForDeploymentPostprocessing = 0;
		};
		08A0265F2864C4D500EAB273 /* Sources */ = {
			isa = PBXSourcesBuildPhase;
			buildActionMask = 2147483647;
			files = (
				08A026682864C4D500EAB273 /* miniProject2Tests.swift in Sources */,
			);
			runOnlyForDeploymentPostprocessing = 0;
		};
		08A026692864C4D500EAB273 /* Sources */ = {
			isa = PBXSourcesBuildPhase;
			buildActionMask = 2147483647;
			files = (
				08A026742864C4D500EAB273 /* miniProject2UITestsLaunchTests.swift in Sources */,
				08A026722864C4D500EAB273 /* miniProject2UITests.swift in Sources */,
			);
			runOnlyForDeploymentPostprocessing = 0;
		};
/* End PBXSourcesBuildPhase section */

/* Begin PBXTargetDependency section */
		08A026652864C4D500EAB273 /* PBXTargetDependency */ = {
			isa = PBXTargetDependency;
			target = 08A026492864C4D300EAB273 /* miniProject2 */;
			targetProxy = 08A026642864C4D500EAB273 /* PBXContainerItemProxy */;
		};
		08A0266F2864C4D500EAB273 /* PBXTargetDependency */ = {
			isa = PBXTargetDependency;
			target = 08A026492864C4D300EAB273 /* miniProject2 */;
			targetProxy = 08A0266E2864C4D500EAB273 /* PBXContainerItemProxy */;
		};
/* End PBXTargetDependency section */

/* Begin PBXVariantGroup section */
		08A026532864C4D300EAB273 /* Main.storyboard */ = {
			isa = PBXVariantGroup;
			children = (
				08A026542864C4D300EAB273 /* Base */,
			);
			name = Main.storyboard;
			sourceTree = "<group>";
		};
		08A0265B2864C4D500EAB273 /* LaunchScreen.storyboard */ = {
			isa = PBXVariantGroup;
			children = (
				08A0265C2864C4D500EAB273 /* Base */,
			);
			name = LaunchScreen.storyboard;
			sourceTree = "<group>";
		};
/* End PBXVariantGroup section */

/* Begin XCBuildConfiguration section */
		08A026752864C4D500EAB273 /* Debug */ = {
			isa = XCBuildConfiguration;
			buildSettings = {
				ALWAYS_SEARCH_USER_PATHS = NO;
				CLANG_ANALYZER_NONNULL = YES;
				CLANG_ANALYZER_NUMBER_OBJECT_CONVERSION = YES_AGGRESSIVE;
				CLANG_CXX_LANGUAGE_STANDARD = "gnu++17";
				CLANG_ENABLE_MODULES = YES;
				CLANG_ENABLE_OBJC_ARC = YES;
				CLANG_ENABLE_OBJC_WEAK = YES;
				CLANG_WARN_BLOCK_CAPTURE_AUTORELEASING = YES;
				CLANG_WARN_BOOL_CONVERSION = YES;
				CLANG_WARN_COMMA = YES;
				CLANG_WARN_CONSTANT_CONVERSION = YES;
				CLANG_WARN_DEPRECATED_OBJC_IMPLEMENTATIONS = YES;
				CLANG_WARN_DIRECT_OBJC_ISA_USAGE = YES_ERROR;
				CLANG_WARN_DOCUMENTATION_COMMENTS = YES;
				CLANG_WARN_EMPTY_BODY = YES;
				CLANG_WARN_ENUM_CONVERSION = YES;
				CLANG_WARN_INFINITE_RECURSION = YES;
				CLANG_WARN_INT_CONVERSION = YES;
				CLANG_WARN_NON_LITERAL_NULL_CONVERSION = YES;
				CLANG_WARN_OBJC_IMPLICIT_RETAIN_SELF = YES;
				CLANG_WARN_OBJC_LITERAL_CONVERSION = YES;
				CLANG_WARN_OBJC_ROOT_CLASS = YES_ERROR;
				CLANG_WARN_QUOTED_INCLUDE_IN_FRAMEWORK_HEADER = YES;
				CLANG_WARN_RANGE_LOOP_ANALYSIS = YES;
				CLANG_WARN_STRICT_PROTOTYPES = YES;
				CLANG_WARN_SUSPICIOUS_MOVE = YES;
				CLANG_WARN_UNGUARDED_AVAILABILITY = YES_AGGRESSIVE;
				CLANG_WARN_UNREACHABLE_CODE = YES;
				CLANG_WARN__DUPLICATE_METHOD_MATCH = YES;
				COPY_PHASE_STRIP = NO;
				DEBUG_INFORMATION_FORMAT = dwarf;
				ENABLE_STRICT_OBJC_MSGSEND = YES;
				ENABLE_TESTABILITY = YES;
				GCC_C_LANGUAGE_STANDARD = gnu11;
				GCC_DYNAMIC_NO_PIC = NO;
				GCC_NO_COMMON_BLOCKS = YES;
				GCC_OPTIMIZATION_LEVEL = 0;
				GCC_PREPROCESSOR_DEFINITIONS = (
					"DEBUG=1",
					"$(inherited)",
				);
				GCC_WARN_64_TO_32_BIT_CONVERSION = YES;
				GCC_WARN_ABOUT_RETURN_TYPE = YES_ERROR;
				GCC_WARN_UNDECLARED_SELECTOR = YES;
				GCC_WARN_UNINITIALIZED_AUTOS = YES_AGGRESSIVE;
				GCC_WARN_UNUSED_FUNCTION = YES;
				GCC_WARN_UNUSED_VARIABLE = YES;
				IPHONEOS_DEPLOYMENT_TARGET = 15.5;
				MTL_ENABLE_DEBUG_INFO = INCLUDE_SOURCE;
				MTL_FAST_MATH = YES;
				ONLY_ACTIVE_ARCH = YES;
				SDKROOT = iphoneos;
				SWIFT_ACTIVE_COMPILATION_CONDITIONS = DEBUG;
				SWIFT_OPTIMIZATION_LEVEL = "-Onone";
			};
			name = Debug;
		};
		08A026762864C4D500EAB273 /* Release */ = {
			isa = XCBuildConfiguration;
			buildSettings = {
				ALWAYS_SEARCH_USER_PATHS = NO;
				CLANG_ANALYZER_NONNULL = YES;
				CLANG_ANALYZER_NUMBER_OBJECT_CONVERSION = YES_AGGRESSIVE;
				CLANG_CXX_LANGUAGE_STANDARD = "gnu++17";
				CLANG_ENABLE_MODULES = YES;
				CLANG_ENABLE_OBJC_ARC = YES;
				CLANG_ENABLE_OBJC_WEAK = YES;
				CLANG_WARN_BLOCK_CAPTURE_AUTORELEASING = YES;
				CLANG_WARN_BOOL_CONVERSION = YES;
				CLANG_WARN_COMMA = YES;
				CLANG_WARN_CONSTANT_CONVERSION = YES;
				CLANG_WARN_DEPRECATED_OBJC_IMPLEMENTATIONS = YES;
				CLANG_WARN_DIRECT_OBJC_ISA_USAGE = YES_ERROR;
				CLANG_WARN_DOCUMENTATION_COMMENTS = YES;
				CLANG_WARN_EMPTY_BODY = YES;
				CLANG_WARN_ENUM_CONVERSION = YES;
				CLANG_WARN_INFINITE_RECURSION = YES;
				CLANG_WARN_INT_CONVERSION = YES;
				CLANG_WARN_NON_LITERAL_NULL_CONVERSION = YES;
				CLANG_WARN_OBJC_IMPLICIT_RETAIN_SELF = YES;
				CLANG_WARN_OBJC_LITERAL_CONVERSION = YES;
				CLANG_WARN_OBJC_ROOT_CLASS = YES_ERROR;
				CLANG_WARN_QUOTED_INCLUDE_IN_FRAMEWORK_HEADER = YES;
				CLANG_WARN_RANGE_LOOP_ANALYSIS = YES;
				CLANG_WARN_STRICT_PROTOTYPES = YES;
				CLANG_WARN_SUSPICIOUS_MOVE = YES;
				CLANG_WARN_UNGUARDED_AVAILABILITY = YES_AGGRESSIVE;
				CLANG_WARN_UNREACHABLE_CODE = YES;
				CLANG_WARN__DUPLICATE_METHOD_MATCH = YES;
				COPY_PHASE_STRIP = NO;
				DEBUG_INFORMATION_FORMAT = "dwarf-with-dsym";
				ENABLE_NS_ASSERTIONS = NO;
				ENABLE_STRICT_OBJC_MSGSEND = YES;
				GCC_C_LANGUAGE_STANDARD = gnu11;
				GCC_NO_COMMON_BLOCKS = YES;
				GCC_WARN_64_TO_32_BIT_CONVERSION = YES;
				GCC_WARN_ABOUT_RETURN_TYPE = YES_ERROR;
				GCC_WARN_UNDECLARED_SELECTOR = YES;
				GCC_WARN_UNINITIALIZED_AUTOS = YES_AGGRESSIVE;
				GCC_WARN_UNUSED_FUNCTION = YES;
				GCC_WARN_UNUSED_VARIABLE = YES;
				IPHONEOS_DEPLOYMENT_TARGET = 15.5;
				MTL_ENABLE_DEBUG_INFO = NO;
				MTL_FAST_MATH = YES;
				SDKROOT = iphoneos;
				SWIFT_COMPILATION_MODE = wholemodule;
				SWIFT_OPTIMIZATION_LEVEL = "-O";
				VALIDATE_PRODUCT = YES;
			};
			name = Release;
		};
		08A026782864C4D500EAB273 /* Debug */ = {
			isa = XCBuildConfiguration;
			buildSettings = {
				ASSETCATALOG_COMPILER_APPICON_NAME = AppIcon;
				ASSETCATALOG_COMPILER_GLOBAL_ACCENT_COLOR_NAME = AccentColor;
				CODE_SIGN_STYLE = Automatic;
				CURRENT_PROJECT_VERSION = 1;
				GENERATE_INFOPLIST_FILE = YES;
				INFOPLIST_FILE = miniProject2/Info.plist;
				INFOPLIST_KEY_UIApplicationSupportsIndirectInputEvents = YES;
				INFOPLIST_KEY_UILaunchStoryboardName = LaunchScreen;
				INFOPLIST_KEY_UIMainStoryboardFile = Main;
				INFOPLIST_KEY_UISupportedInterfaceOrientations_iPad = "UIInterfaceOrientationPortrait UIInterfaceOrientationPortraitUpsideDown UIInterfaceOrientationLandscapeLeft UIInterfaceOrientationLandscapeRight";
				INFOPLIST_KEY_UISupportedInterfaceOrientations_iPhone = "UIInterfaceOrientationPortrait UIInterfaceOrientationLandscapeLeft UIInterfaceOrientationLandscapeRight";
				LD_RUNPATH_SEARCH_PATHS = (
					"$(inherited)",
					"@executable_path/Frameworks",
				);
				MARKETING_VERSION = 1.0;
				PRODUCT_BUNDLE_IDENTIFIER = kwk.miniProject2;
				PRODUCT_NAME = "$(TARGET_NAME)";
				SWIFT_EMIT_LOC_STRINGS = YES;
				SWIFT_VERSION = 5.0;
				TARGETED_DEVICE_FAMILY = "1,2";
			};
			name = Debug;
		};
		08A026792864C4D500EAB273 /* Release */ = {
			isa = XCBuildConfiguration;
			buildSettings = {
				ASSETCATALOG_COMPILER_APPICON_NAME = AppIcon;
				ASSETCATALOG_COMPILER_GLOBAL_ACCENT_COLOR_NAME = AccentColor;
				CODE_SIGN_STYLE = Automatic;
				CURRENT_PROJECT_VERSION = 1;
				GENERATE_INFOPLIST_FILE = YES;
				INFOPLIST_FILE = miniProject2/Info.plist;
				INFOPLIST_KEY_UIApplicationSupportsIndirectInputEvents = YES;
				INFOPLIST_KEY_UILaunchStoryboardName = LaunchScreen;
				INFOPLIST_KEY_UIMainStoryboardFile = Main;
				INFOPLIST_KEY_UISupportedInterfaceOrientations_iPad = "UIInterfaceOrientationPortrait UIInterfaceOrientationPortraitUpsideDown UIInterfaceOrientationLandscapeLeft UIInterfaceOrientationLandscapeRight";
				INFOPLIST_KEY_UISupportedInterfaceOrientations_iPhone = "UIInterfaceOrientationPortrait UIInterfaceOrientationLandscapeLeft UIInterfaceOrientationLandscapeRight";
				LD_RUNPATH_SEARCH_PATHS = (
					"$(inherited)",
					"@executable_path/Frameworks",
				);
				MARKETING_VERSION = 1.0;
				PRODUCT_BUNDLE_IDENTIFIER = kwk.miniProject2;
				PRODUCT_NAME = "$(TARGET_NAME)";
				SWIFT_EMIT_LOC_STRINGS = YES;
				SWIFT_VERSION = 5.0;
				TARGETED_DEVICE_FAMILY = "1,2";
			};
			name = Release;
		};
		08A0267B2864C4D500EAB273 /* Debug */ = {
			isa = XCBuildConfiguration;
			buildSettings = {
				ALWAYS_EMBED_SWIFT_STANDARD_LIBRARIES = YES;
				BUNDLE_LOADER = "$(TEST_HOST)";
				CODE_SIGN_STYLE = Automatic;
				CURRENT_PROJECT_VERSION = 1;
				GENERATE_INFOPLIST_FILE = YES;
				IPHONEOS_DEPLOYMENT_TARGET = 15.5;
				MARKETING_VERSION = 1.0;
				PRODUCT_BUNDLE_IDENTIFIER = kwk.miniProject2Tests;
				PRODUCT_NAME = "$(TARGET_NAME)";
				SWIFT_EMIT_LOC_STRINGS = NO;
				SWIFT_VERSION = 5.0;
				TARGETED_DEVICE_FAMILY = "1,2";
				TEST_HOST = "$(BUILT_PRODUCTS_DIR)/miniProject2.app/miniProject2";
			};
			name = Debug;
		};
		08A0267C2864C4D500EAB273 /* Release */ = {
			isa = XCBuildConfiguration;
			buildSettings = {
				ALWAYS_EMBED_SWIFT_STANDARD_LIBRARIES = YES;
				BUNDLE_LOADER = "$(TEST_HOST)";
				CODE_SIGN_STYLE = Automatic;
				CURRENT_PROJECT_VERSION = 1;
				GENERATE_INFOPLIST_FILE = YES;
				IPHONEOS_DEPLOYMENT_TARGET = 15.5;
				MARKETING_VERSION = 1.0;
				PRODUCT_BUNDLE_IDENTIFIER = kwk.miniProject2Tests;
				PRODUCT_NAME = "$(TARGET_NAME)";
				SWIFT_EMIT_LOC_STRINGS = NO;
				SWIFT_VERSION = 5.0;
				TARGETED_DEVICE_FAMILY = "1,2";
				TEST_HOST = "$(BUILT_PRODUCTS_DIR)/miniProject2.app/miniProject2";
			};
			name = Release;
		};
		08A0267E2864C4D500EAB273 /* Debug */ = {
			isa = XCBuildConfiguration;
			buildSettings = {
				ALWAYS_EMBED_SWIFT_STANDARD_LIBRARIES = YES;
				CODE_SIGN_STYLE = Automatic;
				CURRENT_PROJECT_VERSION = 1;
				GENERATE_INFOPLIST_FILE = YES;
				MARKETING_VERSION = 1.0;
				PRODUCT_BUNDLE_IDENTIFIER = kwk.miniProject2UITests;
				PRODUCT_NAME = "$(TARGET_NAME)";
				SWIFT_EMIT_LOC_STRINGS = NO;
				SWIFT_VERSION = 5.0;
				TARGETED_DEVICE_FAMILY = "1,2";
				TEST_TARGET_NAME = miniProject2;
			};
			name = Debug;
		};
		08A0267F2864C4D500EAB273 /* Release */ = {
			isa = XCBuildConfiguration;
			buildSettings = {
				ALWAYS_EMBED_SWIFT_STANDARD_LIBRARIES = YES;
				CODE_SIGN_STYLE = Automatic;
				CURRENT_PROJECT_VERSION = 1;
				GENERATE_INFOPLIST_FILE = YES;
				MARKETING_VERSION = 1.0;
				PRODUCT_BUNDLE_IDENTIFIER = kwk.miniProject2UITests;
				PRODUCT_NAME = "$(TARGET_NAME)";
				SWIFT_EMIT_LOC_STRINGS = NO;
				SWIFT_VERSION = 5.0;
				TARGETED_DEVICE_FAMILY = "1,2";
				TEST_TARGET_NAME = miniProject2;
			};
			name = Release;
		};
/* End XCBuildConfiguration section */

/* Begin XCConfigurationList section */
		08A026452864C4D300EAB273 /* Build configuration list for PBXProject "miniProject2" */ = {
			isa = XCConfigurationList;
			buildConfigurations = (
				08A026752864C4D500EAB273 /* Debug */,
				08A026762864C4D500EAB273 /* Release */,
			);
			defaultConfigurationIsVisible = 0;
			defaultConfigurationName = Release;
		};
		08A026772864C4D500EAB273 /* Build configuration list for PBXNativeTarget "miniProject2" */ = {
			isa = XCConfigurationList;
			buildConfigurations = (
				08A026782864C4D500EAB273 /* Debug */,
				08A026792864C4D500EAB273 /* Release */,
			);
			defaultConfigurationIsVisible = 0;
			defaultConfigurationName = Release;
		};
		08A0267A2864C4D500EAB273 /* Build configuration list for PBXNativeTarget "miniProject2Tests" */ = {
			isa = XCConfigurationList;
			buildConfigurations = (
				08A0267B2864C4D500EAB273 /* Debug */,
				08A0267C2864C4D500EAB273 /* Release */,
			);
			defaultConfigurationIsVisible = 0;
			defaultConfigurationName = Release;
		};
		08A0267D2864C4D500EAB273 /* Build configuration list for PBXNativeTarget "miniProject2UITests" */ = {
			isa = XCConfigurationList;
			buildConfigurations = (
				08A0267E2864C4D500EAB273 /* Debug */,
				08A0267F2864C4D500EAB273 /* Release */,
			);
			defaultConfigurationIsVisible = 0;
			defaultConfigurationName = Release;
		};
/* End XCConfigurationList section */

/* Begin XCVersionGroup section */
		08A026562864C4D300EAB273 /* miniProject2.xcdatamodeld */ = {
			isa = XCVersionGroup;
			children = (
				08A026572864C4D300EAB273 /* miniProject2.xcdatamodel */,
			);
			currentVersion = 08A026572864C4D300EAB273 /* miniProject2.xcdatamodel */;
			path = miniProject2.xcdatamodeld;
			sourceTree = "<group>";
			versionGroupType = wrapper.xcdatamodel;
		};
/* End XCVersionGroup section */
	};
	rootObject = 08A026422864C4D300EAB273 /* Project object */;
}
